
Microsoft Visual Studio Solution File, Format Version 12.00
# Visual Studio 15
VisualStudioVersion = 15.0.26430.6
MinimumVisualStudioVersion = 10.0.40219.1
Project("{FAE04EC0-301F-11D3-BF4B-00C04F79EFBC}") = "AuditTree.Core", "AuditTree.Core\AuditTree.Core.csproj", "{7E49B638-FF43-4CDB-B94C-44C6E3B875D2}"
EndProject
Project("{2150E333-8FDC-42A3-9474-1A3956D46DE8}") = "tests", "tests", "{DF56BB58-7697-4461-BB5F-3F2C3A819631}"
EndProject
Project("{FAE04EC0-301F-11D3-BF4B-00C04F79EFBC}") = "CoreUnitTests", "tests\CoreUnitTests\CoreUnitTests.csproj", "{24D6FFD7-E4CB-40C3-8E91-9A462CF8DA21}"
EndProject
Project("{FAE04EC0-301F-11D3-BF4B-00C04F79EFBC}") = "Spec", "tests\Spec\Spec.csproj", "{914582FC-8C16-43EA-9625-08853433D150}"
EndProject
Global
	GlobalSection(SolutionConfigurationPlatforms) = preSolution
		Debug|Any CPU = Debug|Any CPU
		Release|Any CPU = Release|Any CPU
	EndGlobalSection
	GlobalSection(ProjectConfigurationPlatforms) = postSolution
		{7E49B638-FF43-4CDB-B94C-44C6E3B875D2}.Debug|Any CPU.ActiveCfg = Debug|Any CPU
		{7E49B638-FF43-4CDB-B94C-44C6E3B875D2}.Debug|Any CPU.Build.0 = Debug|Any CPU
		{7E49B638-FF43-4CDB-B94C-44C6E3B875D2}.Release|Any CPU.ActiveCfg = Release|Any CPU
		{7E49B638-FF43-4CDB-B94C-44C6E3B875D2}.Release|Any CPU.Build.0 = Release|Any CPU
		{24D6FFD7-E4CB-40C3-8E91-9A462CF8DA21}.Debug|Any CPU.ActiveCfg = Debug|Any CPU
		{24D6FFD7-E4CB-40C3-8E91-9A462CF8DA21}.Debug|Any CPU.Build.0 = Debug|Any CPU
		{24D6FFD7-E4CB-40C3-8E91-9A462CF8DA21}.Release|Any CPU.ActiveCfg = Release|Any CPU
		{24D6FFD7-E4CB-40C3-8E91-9A462CF8DA21}.Release|Any CPU.Build.0 = Release|Any CPU
		{914582FC-8C16-43EA-9625-08853433D150}.Debug|Any CPU.ActiveCfg = Debug|Any CPU
		{914582FC-8C16-43EA-9625-08853433D150}.Debug|Any CPU.Build.0 = Debug|Any CPU
		{914582FC-8C16-43EA-9625-08853433D150}.Release|Any CPU.ActiveCfg = Release|Any CPU
		{914582FC-8C16-43EA-9625-08853433D150}.Release|Any CPU.Build.0 = Release|Any CPU
	EndGlobalSection
	GlobalSection(SolutionProperties) = preSolution
		HideSolutionNode = FALSE
	EndGlobalSection
	GlobalSection(NestedProjects) = preSolution
		{24D6FFD7-E4CB-40C3-8E91-9A462CF8DA21} = {DF56BB58-7697-4461-BB5F-3F2C3A819631}
		{914582FC-8C16-43EA-9625-08853433D150} = {DF56BB58-7697-4461-BB5F-3F2C3A819631}
	EndGlobalSection
EndGlobal
